github.com/roidaradal/fn v0.5.5 h1:hpy+v2J/XGkFS5h6Eo45Pi3oC96VwhTnlLPdbsnsPO0=
github.com/roidaradal/fn v0.5.5/go.mod h1:DFJSkhm8DbM6JcH+TEvTwbtmMbJ+bleFhHowiZ+8oBA=
github.com/roidaradal/fn v0.5.13 h1:19+WcG+QXWVH/TBcGJILWlzxAsHX0cHvlmpdwsHUWlw=
github.com/roidaradal/fn v0.5.13/go.mod h1:8XYFZDFZpHLXWIXznlsH4o0kmezvKjnF6eJD0dyuqJI=
golang.org/x/text v0.31.0 h1:aC8ghyu4JhP8VojJ2lEHBnochRno1sgL6nEi9WGFGMM=
golang.org/x/text v0.31.0/go.mod h1:tKRAlv61yKIjGGHX/4tP1LTbc13YSec1pxVEWXzfoeM=
