github.com/fatih/color v1.18.0 h1:S8gINlzdQ840/4pfAwic/ZE0djQEH3wM94VfqLTZcOM=
github.com/fatih/color v1.18.0/go.mod h1:4FelSpRwEGDpQ12mAdzqdOukCy4u8WUtOY6lkT/6HfU=
github.com/mattn/go-colorable v0.1.13 h1:fFA4WZxdEF4tXPZVKMLwD8oUnCTTo08duU7wxecdEvA=
github.com/mattn/go-colorable v0.1.13/go.mod h1:7S9/ev0klgBDR4GtXTXX8a3vIGJpMovkB8vQcUbaXHg=
github.com/mattn/go-isatty v0.0.16/go.mod h1:kYGgaQfpe5nmfYZH+SKPsOc2e4SrIfOl2e/yFXSvRLM=
github.com/mattn/go-isatty v0.0.20 h1:xfD0iDuEKnDkl03q4limB+vH+GxLEtL/jb4xVJSWWEY=
github.com/mattn/go-isatty v0.0.20/go.mod h1:W+V8PltTTMOvKvAeJH7IuucS94S2C6jfK/D7dTCTo3Y=
github.com/roidaradal/fn v0.5.5 h1:hpy+v2J/XGkFS5h6Eo45Pi3oC96VwhTnlLPdbsnsPO0=
github.com/roidaradal/fn v0.5.5/go.mod h1:DFJSkhm8DbM6JcH+TEvTwbtmMbJ+bleFhHowiZ+8oBA=
github.com/roidaradal/fn v0.5.13 h1:19+WcG+QXWVH/TBcGJILWlzxAsHX0cHvlmpdwsHUWlw=
github.com/roidaradal/fn v0.5.13/go.mod h1:8XYFZDFZpHLXWIXznlsH4o0kmezvKjnF6eJD0dyuqJI=
github.com/roidaradal/fn v0.5.15 h1:Rjnp5dCvwQ5d2Z9oYljy7T0BZyxLw8tbVvZHKWoD/ts=
github.com/roidaradal/fn v0.5.15/go.mod h1:8XYFZDFZpHLXWIXznlsH4o0kmezvKjnF6eJD0dyuqJI=
github.com/roidaradal/fn v0.5.16 h1:G1wP1LoTYWSmY1hMhSdyjJiCyYaT35RxWV6yRfPFW4s=
github.com/roidaradal/fn v0.5.16/go.mod h1:8XYFZDFZpHLXWIXznlsH4o0kmezvKjnF6eJD0dyuqJI=
github.com/roidaradal/fn v0.5.17 h1:Y03IV6E0nzz/zXC9we7FPPKI02Jn7ifQ1QAiSBf/+ZE=
github.com/roidaradal/fn v0.5.17/go.mod h1:8XYFZDFZpHLXWIXznlsH4o0kmezvKjnF6eJD0dyuqJI=
github.com/roidaradal/fn v0.5.18 h1:jz4Bbnxw+/kRjcm7BKH8iZPeS8We8XLY5jMW0gw64g8=
github.com/roidaradal/fn v0.5.18/go.mod h1:8XYFZDFZpHLXWIXznlsH4o0kmezvKjnF6eJD0dyuqJI=
github.com/roidaradal/fn v0.5.19 h1:a8HqVLLMUfcZuGrkE78OELGx93VVfBx0WudzZIZc9KQ=
github.com/roidaradal/fn v0.5.19/go.mod h1:8XYFZDFZpHLXWIXznlsH4o0kmezvKjnF6eJD0dyuqJI=
golang.org/x/sys v0.0.0-20220811171246-fbc7d0a398ab/go.mod h1:oPkhp1MJrh7nUepCBck5+mAzfO9JrbApNNgaTdGDITg=
golang.org/x/sys v0.6.0/go.mod h1:oPkhp1MJrh7nUepCBck5+mAzfO9JrbApNNgaTdGDITg=
golang.org/x/sys v0.38.0 h1:3yZWxaJjBmCWXqhN1qh02AkOnCQ1poK6oF+a7xWL6Gc=
golang.org/x/sys v0.38.0/go.mod h1:OgkHotnGiDImocRcuBABYBEXf8A9a87e/uXjp9XT3ks=
golang.org/x/text v0.31.0 h1:aC8ghyu4JhP8VojJ2lEHBnochRno1sgL6nEi9WGFGMM=
golang.org/x/text v0.31.0/go.mod h1:tKRAlv61yKIjGGHX/4tP1LTbc13YSec1pxVEWXzfoeM=
